// !$*UTF8*$!
{
	archiveVersion = 1;
	classes = {
	};
	objectVersion = 50;
	objects = {

/* Begin PBXBuildFile section */
		955C648525B75BC000E92BC6 /* TheMovieDBApp.swift in Sources */ = {isa = PBXBuildFile; fileRef = 955C648425B75BC000E92BC6 /* TheMovieDBApp.swift */; };
		955C648725B75BC000E92BC6 /* ContentView.swift in Sources */ = {isa = PBXBuildFile; fileRef = 955C648625B75BC000E92BC6 /* ContentView.swift */; };
		955C648925B75BC400E92BC6 /* Assets.xcassets in Resources */ = {isa = PBXBuildFile; fileRef = 955C648825B75BC400E92BC6 /* Assets.xcassets */; };
		955C648C25B75BC400E92BC6 /* Preview Assets.xcassets in Resources */ = {isa = PBXBuildFile; fileRef = 955C648B25B75BC400E92BC6 /* Preview Assets.xcassets */; };
		955C648E25B75BC400E92BC6 /* Persistence.swift in Sources */ = {isa = PBXBuildFile; fileRef = 955C648D25B75BC400E92BC6 /* Persistence.swift */; };
		955C649125B75BC400E92BC6 /* TheMovieDB.xcdatamodeld in Sources */ = {isa = PBXBuildFile; fileRef = 955C648F25B75BC400E92BC6 /* TheMovieDB.xcdatamodeld */; };
		955C649C25B75BC400E92BC6 /* TheMovieDBTests.swift in Sources */ = {isa = PBXBuildFile; fileRef = 955C649B25B75BC400E92BC6 /* TheMovieDBTests.swift */; };
		955C64A725B75BC400E92BC6 /* TheMovieDBUITests.swift in Sources */ = {isa = PBXBuildFile; fileRef = 955C64A625B75BC400E92BC6 /* TheMovieDBUITests.swift */; };
		955C64BB25B75F1600E92BC6 /* Main.swift in Sources */ = {isa = PBXBuildFile; fileRef = 955C64BA25B75F1600E92BC6 /* Main.swift */; };
/* End PBXBuildFile section */

/* Begin PBXContainerItemProxy section */
		955C649825B75BC400E92BC6 /* PBXContainerItemProxy */ = {
			isa = PBXContainerItemProxy;
			containerPortal = 955C647925B75BBF00E92BC6 /* Project object */;
			proxyType = 1;
			remoteGlobalIDString = 955C648025B75BBF00E92BC6;
			remoteInfo = TheMovieDB;
		};
		955C64A325B75BC400E92BC6 /* PBXContainerItemProxy */ = {
			isa = PBXContainerItemProxy;
			containerPortal = 955C647925B75BBF00E92BC6 /* Project object */;
			proxyType = 1;
			remoteGlobalIDString = 955C648025B75BBF00E92BC6;
			remoteInfo = TheMovieDB;
		};
/* End PBXContainerItemProxy section */

/* Begin PBXFileReference section */
		955C648125B75BC000E92BC6 /* TheMovieDB.app */ = {isa = PBXFileReference; explicitFileType = wrapper.application; includeInIndex = 0; path = TheMovieDB.app; sourceTree = BUILT_PRODUCTS_DIR; };
		955C648425B75BC000E92BC6 /* TheMovieDBApp.swift */ = {isa = PBXFileReference; lastKnownFileType = sourcecode.swift; path = TheMovieDBApp.swift; sourceTree = "<group>"; };
		955C648625B75BC000E92BC6 /* ContentView.swift */ = {isa = PBXFileReference; lastKnownFileType = sourcecode.swift; path = ContentView.swift; sourceTree = "<group>"; };
		955C648825B75BC400E92BC6 /* Assets.xcassets */ = {isa = PBXFileReference; lastKnownFileType = folder.assetcatalog; path = Assets.xcassets; sourceTree = "<group>"; };
		955C648B25B75BC400E92BC6 /* Preview Assets.xcassets */ = {isa = PBXFileReference; lastKnownFileType = folder.assetcatalog; path = "Preview Assets.xcassets"; sourceTree = "<group>"; };
		955C648D25B75BC400E92BC6 /* Persistence.swift */ = {isa = PBXFileReference; lastKnownFileType = sourcecode.swift; path = Persistence.swift; sourceTree = "<group>"; };
		955C649025B75BC400E92BC6 /* TheMovieDB.xcdatamodel */ = {isa = PBXFileReference; lastKnownFileType = wrapper.xcdatamodel; path = TheMovieDB.xcdatamodel; sourceTree = "<group>"; };
		955C649225B75BC400E92BC6 /* Info.plist */ = {isa = PBXFileReference; lastKnownFileType = text.plist.xml; path = Info.plist; sourceTree = "<group>"; };
		955C649725B75BC400E92BC6 /* TheMovieDBTests.xctest */ = {isa = PBXFileReference; explicitFileType = wrapper.cfbundle; includeInIndex = 0; path = TheMovieDBTests.xctest; sourceTree = BUILT_PRODUCTS_DIR; };
		955C649B25B75BC400E92BC6 /* TheMovieDBTests.swift */ = {isa = PBXFileReference; lastKnownFileType = sourcecode.swift; path = TheMovieDBTests.swift; sourceTree = "<group>"; };
		955C649D25B75BC400E92BC6 /* Info.plist */ = {isa = PBXFileReference; lastKnownFileType = text.plist.xml; path = Info.plist; sourceTree = "<group>"; };
		955C64A225B75BC400E92BC6 /* TheMovieDBUITests.xctest */ = {isa = PBXFileReference; explicitFileType = wrapper.cfbundle; includeInIndex = 0; path = TheMovieDBUITests.xctest; sourceTree = BUILT_PRODUCTS_DIR; };
		955C64A625B75BC400E92BC6 /* TheMovieDBUITests.swift */ = {isa = PBXFileReference; lastKnownFileType = sourcecode.swift; path = TheMovieDBUITests.swift; sourceTree = "<group>"; };
		955C64A825B75BC400E92BC6 /* Info.plist */ = {isa = PBXFileReference; lastKnownFileType = text.plist.xml; path = Info.plist; sourceTree = "<group>"; };
		955C64BA25B75F1600E92BC6 /* Main.swift */ = {isa = PBXFileReference; lastKnownFileType = sourcecode.swift; path = Main.swift; sourceTree = "<group>"; };
/* End PBXFileReference section */

/* Begin PBXFrameworksBuildPhase section */
		955C647E25B75BBF00E92BC6 /* Frameworks */ = {
			isa = PBXFrameworksBuildPhase;
			buildActionMask = 2147483647;
			files = (
			);
			runOnlyForDeploymentPostprocessing = 0;
		};
		955C649425B75BC400E92BC6 /* Frameworks */ = {
			isa = PBXFrameworksBuildPhase;
			buildActionMask = 2147483647;
			files = (
			);
			runOnlyForDeploymentPostprocessing = 0;
		};
		955C649F25B75BC400E92BC6 /* Frameworks */ = {
			isa = PBXFrameworksBuildPhase;
			buildActionMask = 2147483647;
			files = (
			);
			runOnlyForDeploymentPostprocessing = 0;
		};
/* End PBXFrameworksBuildPhase section */

/* Begin PBXGroup section */
		955C647825B75BBF00E92BC6 = {
			isa = PBXGroup;
			children = (
				955C648325B75BC000E92BC6 /* TheMovieDB */,
				955C649A25B75BC400E92BC6 /* TheMovieDBTests */,
				955C64A525B75BC400E92BC6 /* TheMovieDBUITests */,
				955C648225B75BC000E92BC6 /* Products */,
			);
			sourceTree = "<group>";
		};
		955C648225B75BC000E92BC6 /* Products */ = {
			isa = PBXGroup;
			children = (
				955C648125B75BC000E92BC6 /* TheMovieDB.app */,
				955C649725B75BC400E92BC6 /* TheMovieDBTests.xctest */,
				955C64A225B75BC400E92BC6 /* TheMovieDBUITests.xctest */,
			);
			name = Products;
			sourceTree = "<group>";
		};
		955C648325B75BC000E92BC6 /* TheMovieDB */ = {
			isa = PBXGroup;
			children = (
				955C648425B75BC000E92BC6 /* TheMovieDBApp.swift */,
				955C648625B75BC000E92BC6 /* ContentView.swift */,
				955C648825B75BC400E92BC6 /* Assets.xcassets */,
				955C648D25B75BC400E92BC6 /* Persistence.swift */,
				955C649225B75BC400E92BC6 /* Info.plist */,
				955C648F25B75BC400E92BC6 /* TheMovieDB.xcdatamodeld */,
				955C648A25B75BC400E92BC6 /* Preview Content */,
				955C64BA25B75F1600E92BC6 /* Main.swift */,
			);
			path = TheMovieDB;
			sourceTree = "<group>";
		};
		955C648A25B75BC400E92BC6 /* Preview Content */ = {
			isa = PBXGroup;
			children = (
				955C648B25B75BC400E92BC6 /* Preview Assets.xcassets */,
			);
			path = "Preview Content";
			sourceTree = "<group>";
		};
		955C649A25B75BC400E92BC6 /* TheMovieDBTests */ = {
			isa = PBXGroup;
			children = (
				955C649B25B75BC400E92BC6 /* TheMovieDBTests.swift */,
				955C649D25B75BC400E92BC6 /* Info.plist */,
			);
			path = TheMovieDBTests;
			sourceTree = "<group>";
		};
		955C64A525B75BC400E92BC6 /* TheMovieDBUITests */ = {
			isa = PBXGroup;
			children = (
				955C64A625B75BC400E92BC6 /* TheMovieDBUITests.swift */,
				955C64A825B75BC400E92BC6 /* Info.plist */,
			);
			path = TheMovieDBUITests;
			sourceTree = "<group>";
		};
/* End PBXGroup section */

/* Begin PBXNativeTarget section */
		955C648025B75BBF00E92BC6 /* TheMovieDB */ = {
			isa = PBXNativeTarget;
			buildConfigurationList = 955C64AB25B75BC400E92BC6 /* Build configuration list for PBXNativeTarget "TheMovieDB" */;
			buildPhases = (
				955C647D25B75BBF00E92BC6 /* Sources */,
				955C647E25B75BBF00E92BC6 /* Frameworks */,
				955C647F25B75BBF00E92BC6 /* Resources */,
			);
			buildRules = (
			);
			dependencies = (
			);
			name = TheMovieDB;
			productName = TheMovieDB;
			productReference = 955C648125B75BC000E92BC6 /* TheMovieDB.app */;
			productType = "com.apple.product-type.application";
		};
		955C649625B75BC400E92BC6 /* TheMovieDBTests */ = {
			isa = PBXNativeTarget;
			buildConfigurationList = 955C64AE25B75BC400E92BC6 /* Build configuration list for PBXNativeTarget "TheMovieDBTests" */;
			buildPhases = (
				955C649325B75BC400E92BC6 /* Sources */,
				955C649425B75BC400E92BC6 /* Frameworks */,
				955C649525B75BC400E92BC6 /* Resources */,
			);
			buildRules = (
			);
			dependencies = (
				955C649925B75BC400E92BC6 /* PBXTargetDependency */,
			);
			name = TheMovieDBTests;
			productName = TheMovieDBTests;
			productReference = 955C649725B75BC400E92BC6 /* TheMovieDBTests.xctest */;
			productType = "com.apple.product-type.bundle.unit-test";
		};
		955C64A125B75BC400E92BC6 /* TheMovieDBUITests */ = {
			isa = PBXNativeTarget;
			buildConfigurationList = 955C64B125B75BC400E92BC6 /* Build configuration list for PBXNativeTarget "TheMovieDBUITests" */;
			buildPhases = (
				955C649E25B75BC400E92BC6 /* Sources */,
				955C649F25B75BC400E92BC6 /* Frameworks */,
				955C64A025B75BC400E92BC6 /* Resources */,
			);
			buildRules = (
			);
			dependencies = (
				955C64A425B75BC400E92BC6 /* PBXTargetDependency */,
			);
			name = TheMovieDBUITests;
			productName = TheMovieDBUITests;
			productReference = 955C64A225B75BC400E92BC6 /* TheMovieDBUITests.xctest */;
			productType = "com.apple.product-type.bundle.ui-testing";
		};
/* End PBXNativeTarget section */

/* Begin PBXProject section */
		955C647925B75BBF00E92BC6 /* Project object */ = {
			isa = PBXProject;
			attributes = {
				LastSwiftUpdateCheck = 1230;
				LastUpgradeCheck = 1230;
				TargetAttributes = {
					955C648025B75BBF00E92BC6 = {
						CreatedOnToolsVersion = 12.3;
					};
					955C649625B75BC400E92BC6 = {
						CreatedOnToolsVersion = 12.3;
						TestTargetID = 955C648025B75BBF00E92BC6;
					};
					955C64A125B75BC400E92BC6 = {
						CreatedOnToolsVersion = 12.3;
						TestTargetID = 955C648025B75BBF00E92BC6;
					};
				};
			};
			buildConfigurationList = 955C647C25B75BBF00E92BC6 /* Build configuration list for PBXProject "TheMovieDB" */;
			compatibilityVersion = "Xcode 9.3";
			developmentRegion = en;
			hasScannedForEncodings = 0;
			knownRegions = (
				en,
				Base,
			);
			mainGroup = 955C647825B75BBF00E92BC6;
			productRefGroup = 955C648225B75BC000E92BC6 /* Products */;
			projectDirPath = "";
			projectRoot = "";
			targets = (
				955C648025B75BBF00E92BC6 /* TheMovieDB */,
				955C649625B75BC400E92BC6 /* TheMovieDBTests */,
				955C64A125B75BC400E92BC6 /* TheMovieDBUITests */,
			);
		};
/* End PBXProject section */

/* Begin PBXResourcesBuildPhase section */
		955C647F25B75BBF00E92BC6 /* Resources */ = {
			isa = PBXResourcesBuildPhase;
			buildActionMask = 2147483647;
			files = (
				955C648C25B75BC400E92BC6 /* Preview Assets.xcassets in Resources */,
				955C648925B75BC400E92BC6 /* Assets.xcassets in Resources */,
			);
			runOnlyForDeploymentPostprocessing = 0;
		};
		955C649525B75BC400E92BC6 /* Resources */ = {
			isa = PBXResourcesBuildPhase;
			buildActionMask = 2147483647;
			files = (
			);
			runOnlyForDeploymentPostprocessing = 0;
		};
		955C64A025B75BC400E92BC6 /* Resources */ = {
			isa = PBXResourcesBuildPhase;
			buildActionMask = 2147483647;
			files = (
			);
			runOnlyForDeploymentPostprocessing = 0;
		};
/* End PBXResourcesBuildPhase section */

/* Begin PBXSourcesBuildPhase section */
		955C647D25B75BBF00E92BC6 /* Sources */ = {
			isa = PBXSourcesBuildPhase;
			buildActionMask = 2147483647;
			files = (
				955C64BB25B75F1600E92BC6 /* Main.swift in Sources */,
				955C648E25B75BC400E92BC6 /* Persistence.swift in Sources */,
				955C648725B75BC000E92BC6 /* ContentView.swift in Sources */,
				955C649125B75BC400E92BC6 /* TheMovieDB.xcdatamodeld in Sources */,
				955C648525B75BC000E92BC6 /* TheMovieDBApp.swift in Sources */,
			);
			runOnlyForDeploymentPostprocessing = 0;
		};
		955C649325B75BC400E92BC6 /* Sources */ = {
			isa = PBXSourcesBuildPhase;
			buildActionMask = 2147483647;
			files = (
				955C649C25B75BC400E92BC6 /* TheMovieDBTests.swift in Sources */,
			);
			runOnlyForDeploymentPostprocessing = 0;
		};
		955C649E25B75BC400E92BC6 /* Sources */ = {
			isa = PBXSourcesBuildPhase;
			buildActionMask = 2147483647;
			files = (
				955C64A725B75BC400E92BC6 /* TheMovieDBUITests.swift in Sources */,
			);
			runOnlyForDeploymentPostprocessing = 0;
		};
/* End PBXSourcesBuildPhase section */

/* Begin PBXTargetDependency section */
		955C649925B75BC400E92BC6 /* PBXTargetDependency */ = {
			isa = PBXTargetDependency;
			target = 955C648025B75BBF00E92BC6 /* TheMovieDB */;
			targetProxy = 955C649825B75BC400E92BC6 /* PBXContainerItemProxy */;
		};
		955C64A425B75BC400E92BC6 /* PBXTargetDependency */ = {
			isa = PBXTargetDependency;
			target = 955C648025B75BBF00E92BC6 /* TheMovieDB */;
			targetProxy = 955C64A325B75BC400E92BC6 /* PBXContainerItemProxy */;
		};
/* End PBXTargetDependency section */

/* Begin XCBuildConfiguration section */
		955C64A925B75BC400E92BC6 /* Debug */ = {
			isa = XCBuildConfiguration;
			buildSettings = {
				ALWAYS_SEARCH_USER_PATHS = NO;
				CLANG_ANALYZER_NONNULL = YES;
				CLANG_ANALYZER_NUMBER_OBJECT_CONVERSION = YES_AGGRESSIVE;
				CLANG_CXX_LANGUAGE_STANDARD = "gnu++14";
				CLANG_CXX_LIBRARY = "libc++";
				CLANG_ENABLE_MODULES = YES;
				CLANG_ENABLE_OBJC_ARC = YES;
				CLANG_ENABLE_OBJC_WEAK = YES;
				CLANG_WARN_BLOCK_CAPTURE_AUTORELEASING = YES;
				CLANG_WARN_BOOL_CONVERSION = YES;
				CLANG_WARN_COMMA = YES;
				CLANG_WARN_CONSTANT_CONVERSION = YES;
				CLANG_WARN_DEPRECATED_OBJC_IMPLEMENTATIONS = YES;
				CLANG_WARN_DIRECT_OBJC_ISA_USAGE = YES_ERROR;
				CLANG_WARN_DOCUMENTATION_COMMENTS = YES;
				CLANG_WARN_EMPTY_BODY = YES;
				CLANG_WARN_ENUM_CONVERSION = YES;
				CLANG_WARN_INFINITE_RECURSION = YES;
				CLANG_WARN_INT_CONVERSION = YES;
				CLANG_WARN_NON_LITERAL_NULL_CONVERSION = YES;
				CLANG_WARN_OBJC_IMPLICIT_RETAIN_SELF = YES;
				CLANG_WARN_OBJC_LITERAL_CONVERSION = YES;
				CLANG_WARN_OBJC_ROOT_CLASS = YES_ERROR;
				CLANG_WARN_QUOTED_INCLUDE_IN_FRAMEWORK_HEADER = YES;
				CLANG_WARN_RANGE_LOOP_ANALYSIS = YES;
				CLANG_WARN_STRICT_PROTOTYPES = YES;
				CLANG_WARN_SUSPICIOUS_MOVE = YES;
				CLANG_WARN_UNGUARDED_AVAILABILITY = YES_AGGRESSIVE;
				CLANG_WARN_UNREACHABLE_CODE = YES;
				CLANG_WARN__DUPLICATE_METHOD_MATCH = YES;
				COPY_PHASE_STRIP = NO;
				DEBUG_INFORMATION_FORMAT = dwarf;
				ENABLE_STRICT_OBJC_MSGSEND = YES;
				ENABLE_TESTABILITY = YES;
				GCC_C_LANGUAGE_STANDARD = gnu11;
				GCC_DYNAMIC_NO_PIC = NO;
				GCC_NO_COMMON_BLOCKS = YES;
				GCC_OPTIMIZATION_LEVEL = 0;
				GCC_PREPROCESSOR_DEFINITIONS = (
					"DEBUG=1",
					"$(inherited)",
				);
				GCC_WARN_64_TO_32_BIT_CONVERSION = YES;
				GCC_WARN_ABOUT_RETURN_TYPE = YES_ERROR;
				GCC_WARN_UNDECLARED_SELECTOR = YES;
				GCC_WARN_UNINITIALIZED_AUTOS = YES_AGGRESSIVE;
				GCC_WARN_UNUSED_FUNCTION = YES;
				GCC_WARN_UNUSED_VARIABLE = YES;
				IPHONEOS_DEPLOYMENT_TARGET = 14.3;
				MTL_ENABLE_DEBUG_INFO = INCLUDE_SOURCE;
				MTL_FAST_MATH = YES;
				ONLY_ACTIVE_ARCH = YES;
				SDKROOT = iphoneos;
				SWIFT_ACTIVE_COMPILATION_CONDITIONS = DEBUG;
				SWIFT_OPTIMIZATION_LEVEL = "-Onone";
			};
			name = Debug;
		};
		955C64AA25B75BC400E92BC6 /* Release */ = {
			isa = XCBuildConfiguration;
			buildSettings = {
				ALWAYS_SEARCH_USER_PATHS = NO;
				CLANG_ANALYZER_NONNULL = YES;
				CLANG_ANALYZER_NUMBER_OBJECT_CONVERSION = YES_AGGRESSIVE;
				CLANG_CXX_LANGUAGE_STANDARD = "gnu++14";
				CLANG_CXX_LIBRARY = "libc++";
				CLANG_ENABLE_MODULES = YES;
				CLANG_ENABLE_OBJC_ARC = YES;
				CLANG_ENABLE_OBJC_WEAK = YES;
				CLANG_WARN_BLOCK_CAPTURE_AUTORELEASING = YES;
				CLANG_WARN_BOOL_CONVERSION = YES;
				CLANG_WARN_COMMA = YES;
				CLANG_WARN_CONSTANT_CONVERSION = YES;
				CLANG_WARN_DEPRECATED_OBJC_IMPLEMENTATIONS = YES;
				CLANG_WARN_DIRECT_OBJC_ISA_USAGE = YES_ERROR;
				CLANG_WARN_DOCUMENTATION_COMMENTS = YES;
				CLANG_WARN_EMPTY_BODY = YES;
				CLANG_WARN_ENUM_CONVERSION = YES;
				CLANG_WARN_INFINITE_RECURSION = YES;
				CLANG_WARN_INT_CONVERSION = YES;
				CLANG_WARN_NON_LITERAL_NULL_CONVERSION = YES;
				CLANG_WARN_OBJC_IMPLICIT_RETAIN_SELF = YES;
				CLANG_WARN_OBJC_LITERAL_CONVERSION = YES;
				CLANG_WARN_OBJC_ROOT_CLASS = YES_ERROR;
				CLANG_WARN_QUOTED_INCLUDE_IN_FRAMEWORK_HEADER = YES;
				CLANG_WARN_RANGE_LOOP_ANALYSIS = YES;
				CLANG_WARN_STRICT_PROTOTYPES = YES;
				CLANG_WARN_SUSPICIOUS_MOVE = YES;
				CLANG_WARN_UNGUARDED_AVAILABILITY = YES_AGGRESSIVE;
				CLANG_WARN_UNREACHABLE_CODE = YES;
				CLANG_WARN__DUPLICATE_METHOD_MATCH = YES;
				COPY_PHASE_STRIP = NO;
				DEBUG_INFORMATION_FORMAT = "dwarf-with-dsym";
				ENABLE_NS_ASSERTIONS = NO;
				ENABLE_STRICT_OBJC_MSGSEND = YES;
				GCC_C_LANGUAGE_STANDARD = gnu11;
				GCC_NO_COMMON_BLOCKS = YES;
				GCC_WARN_64_TO_32_BIT_CONVERSION = YES;
				GCC_WARN_ABOUT_RETURN_TYPE = YES_ERROR;
				GCC_WARN_UNDECLARED_SELECTOR = YES;
				GCC_WARN_UNINITIALIZED_AUTOS = YES_AGGRESSIVE;
				GCC_WARN_UNUSED_FUNCTION = YES;
				GCC_WARN_UNUSED_VARIABLE = YES;
				IPHONEOS_DEPLOYMENT_TARGET = 14.3;
				MTL_ENABLE_DEBUG_INFO = NO;
				MTL_FAST_MATH = YES;
				SDKROOT = iphoneos;
				SWIFT_COMPILATION_MODE = wholemodule;
				SWIFT_OPTIMIZATION_LEVEL = "-O";
				VALIDATE_PRODUCT = YES;
			};
			name = Release;
		};
		955C64AC25B75BC400E92BC6 /* Debug */ = {
			isa = XCBuildConfiguration;
			buildSettings = {
				ASSETCATALOG_COMPILER_APPICON_NAME = AppIcon;
				ASSETCATALOG_COMPILER_GLOBAL_ACCENT_COLOR_NAME = AccentColor;
				CODE_SIGN_STYLE = Automatic;
				DEVELOPMENT_ASSET_PATHS = "\"TheMovieDB/Preview Content\"";
				DEVELOPMENT_TEAM = 6NXNC2G55R;
				ENABLE_PREVIEWS = YES;
				INFOPLIST_FILE = TheMovieDB/Info.plist;
				IPHONEOS_DEPLOYMENT_TARGET = 14.0;
				LD_RUNPATH_SEARCH_PATHS = (
					"$(inherited)",
					"@executable_path/Frameworks",
				);
				PRODUCT_BUNDLE_IDENTIFIER = "Victor-Da-ngelo-Teixeira-Ciccarini.TheMovieDB";
				PRODUCT_NAME = "$(TARGET_NAME)";
				SWIFT_VERSION = 5.0;
				TARGETED_DEVICE_FAMILY = "1,2";
			};
			name = Debug;
		};
		955C64AD25B75BC400E92BC6 /* Release */ = {
			isa = XCBuildConfiguration;
			buildSettings = {
				ASSETCATALOG_COMPILER_APPICON_NAME = AppIcon;
				ASSETCATALOG_COMPILER_GLOBAL_ACCENT_COLOR_NAME = AccentColor;
				CODE_SIGN_STYLE = Automatic;
				DEVELOPMENT_ASSET_PATHS = "\"TheMovieDB/Preview Content\"";
				DEVELOPMENT_TEAM = 6NXNC2G55R;
				ENABLE_PREVIEWS = YES;
				INFOPLIST_FILE = TheMovieDB/Info.plist;
				IPHONEOS_DEPLOYMENT_TARGET = 14.0;
				LD_RUNPATH_SEARCH_PATHS = (
					"$(inherited)",
					"@executable_path/Frameworks",
				);
				PRODUCT_BUNDLE_IDENTIFIER = "Victor-Da-ngelo-Teixeira-Ciccarini.TheMovieDB";
				PRODUCT_NAME = "$(TARGET_NAME)";
				SWIFT_VERSION = 5.0;
				TARGETED_DEVICE_FAMILY = "1,2";
			};
			name = Release;
		};
		955C64AF25B75BC400E92BC6 /* Debug */ = {
			isa = XCBuildConfiguration;
			buildSettings = {
				ALWAYS_EMBED_SWIFT_STANDARD_LIBRARIES = YES;
				BUNDLE_LOADER = "$(TEST_HOST)";
				CODE_SIGN_STYLE = Automatic;
				DEVELOPMENT_TEAM = 6NXNC2G55R;
				INFOPLIST_FILE = TheMovieDBTests/Info.plist;
				IPHONEOS_DEPLOYMENT_TARGET = 14.0;
				LD_RUNPATH_SEARCH_PATHS = (
					"$(inherited)",
					"@executable_path/Frameworks",
					"@loader_path/Frameworks",
				);
				PRODUCT_BUNDLE_IDENTIFIER = "Victor-Da-ngelo-Teixeira-Ciccarini.TheMovieDBTests";
				PRODUCT_NAME = "$(TARGET_NAME)";
				SWIFT_VERSION = 5.0;
				TARGETED_DEVICE_FAMILY = "1,2";
				TEST_HOST = "$(BUILT_PRODUCTS_DIR)/TheMovieDB.app/TheMovieDB";
			};
			name = Debug;
		};
		955C64B025B75BC400E92BC6 /* Release */ = {
			isa = XCBuildConfiguration;
			buildSettings = {
				ALWAYS_EMBED_SWIFT_STANDARD_LIBRARIES = YES;
				BUNDLE_LOADER = "$(TEST_HOST)";
				CODE_SIGN_STYLE = Automatic;
				DEVELOPMENT_TEAM = 6NXNC2G55R;
				INFOPLIST_FILE = TheMovieDBTests/Info.plist;
				IPHONEOS_DEPLOYMENT_TARGET = 14.0;
				LD_RUNPATH_SEARCH_PATHS = (
					"$(inherited)",
					"@executable_path/Frameworks",
					"@loader_path/Frameworks",
				);
				PRODUCT_BUNDLE_IDENTIFIER = "Victor-Da-ngelo-Teixeira-Ciccarini.TheMovieDBTests";
				PRODUCT_NAME = "$(TARGET_NAME)";
				SWIFT_VERSION = 5.0;
				TARGETED_DEVICE_FAMILY = "1,2";
				TEST_HOST = "$(BUILT_PRODUCTS_DIR)/TheMovieDB.app/TheMovieDB";
			};
			name = Release;
		};
		955C64B225B75BC400E92BC6 /* Debug */ = {
			isa = XCBuildConfiguration;
			buildSettings = {
				ALWAYS_EMBED_SWIFT_STANDARD_LIBRARIES = YES;
				CODE_SIGN_STYLE = Automatic;
				DEVELOPMENT_TEAM = 6NXNC2G55R;
				INFOPLIST_FILE = TheMovieDBUITests/Info.plist;
				LD_RUNPATH_SEARCH_PATHS = (
					"$(inherited)",
					"@executable_path/Frameworks",
					"@loader_path/Frameworks",
				);
				PRODUCT_BUNDLE_IDENTIFIER = "Victor-Da-ngelo-Teixeira-Ciccarini.TheMovieDBUITests";
				PRODUCT_NAME = "$(TARGET_NAME)";
				SWIFT_VERSION = 5.0;
				TARGETED_DEVICE_FAMILY = "1,2";
				TEST_TARGET_NAME = TheMovieDB;
			};
			name = Debug;
		};
		955C64B325B75BC400E92BC6 /* Release */ = {
			isa = XCBuildConfiguration;
			buildSettings = {
				ALWAYS_EMBED_SWIFT_STANDARD_LIBRARIES = YES;
				CODE_SIGN_STYLE = Automatic;
				DEVELOPMENT_TEAM = 6NXNC2G55R;
				INFOPLIST_FILE = TheMovieDBUITests/Info.plist;
				LD_RUNPATH_SEARCH_PATHS = (
					"$(inherited)",
					"@executable_path/Frameworks",
					"@loader_path/Frameworks",
				);
				PRODUCT_BUNDLE_IDENTIFIER = "Victor-Da-ngelo-Teixeira-Ciccarini.TheMovieDBUITests";
				PRODUCT_NAME = "$(TARGET_NAME)";
				SWIFT_VERSION = 5.0;
				TARGETED_DEVICE_FAMILY = "1,2";
				TEST_TARGET_NAME = TheMovieDB;
			};
			name = Release;
		};
/* End XCBuildConfiguration section */

/* Begin XCConfigurationList section */
		955C647C25B75BBF00E92BC6 /* Build configuration list for PBXProject "TheMovieDB" */ = {
			isa = XCConfigurationList;
			buildConfigurations = (
				955C64A925B75BC400E92BC6 /* Debug */,
				955C64AA25B75BC400E92BC6 /* Release */,
			);
			defaultConfigurationIsVisible = 0;
			defaultConfigurationName = Release;
		};
		955C64AB25B75BC400E92BC6 /* Build configuration list for PBXNativeTarget "TheMovieDB" */ = {
			isa = XCConfigurationList;
			buildConfigurations = (
				955C64AC25B75BC400E92BC6 /* Debug */,
				955C64AD25B75BC400E92BC6 /* Release */,
			);
			defaultConfigurationIsVisible = 0;
			defaultConfigurationName = Release;
		};
		955C64AE25B75BC400E92BC6 /* Build configuration list for PBXNativeTarget "TheMovieDBTests" */ = {
			isa = XCConfigurationList;
			buildConfigurations = (
				955C64AF25B75BC400E92BC6 /* Debug */,
				955C64B025B75BC400E92BC6 /* Release */,
			);
			defaultConfigurationIsVisible = 0;
			defaultConfigurationName = Release;
		};
		955C64B125B75BC400E92BC6 /* Build configuration list for PBXNativeTarget "TheMovieDBUITests" */ = {
			isa = XCConfigurationList;
			buildConfigurations = (
				955C64B225B75BC400E92BC6 /* Debug */,
				955C64B325B75BC400E92BC6 /* Release */,
			);
			defaultConfigurationIsVisible = 0;
			defaultConfigurationName = Release;
		};
/* End XCConfigurationList section */

/* Begin XCVersionGroup section */
		955C648F25B75BC400E92BC6 /* TheMovieDB.xcdatamodeld */ = {
			isa = XCVersionGroup;
			children = (
				955C649025B75BC400E92BC6 /* TheMovieDB.xcdatamodel */,
			);
			currentVersion = 955C649025B75BC400E92BC6 /* TheMovieDB.xcdatamodel */;
			path = TheMovieDB.xcdatamodeld;
			sourceTree = "<group>";
			versionGroupType = wrapper.xcdatamodel;
		};
/* End XCVersionGroup section */
	};
	rootObject = 955C647925B75BBF00E92BC6 /* Project object */;
}
